
Microsoft Visual Studio Solution File, Format Version 12.00
# Visual Studio Version 17
VisualStudioVersion = 17.2.32616.157
MinimumVisualStudioVersion = 10.0.40219.1
Project("{9A19103F-16F7-4668-BE54-9A1E7A4F7556}") = "GerizimZZ", "GerizimZZ.csproj", "{CDEE3C7D-6FAA-42E4-BFCB-80782E15DE5D}"
EndProject
Global
	GlobalSection(SolutionConfigurationPlatforms) = preSolution
		Debug|Any CPU = Debug|Any CPU
		Release|Any CPU = Release|Any CPU
	EndGlobalSection
	GlobalSection(ProjectConfigurationPlatforms) = postSolution
		{CDEE3C7D-6FAA-42E4-BFCB-80782E15DE5D}.Debug|Any CPU.ActiveCfg = Debug|Any CPU
		{CDEE3C7D-6FAA-42E4-BFCB-80782E15DE5D}.Debug|Any CPU.Build.0 = Debug|Any CPU
		{CDEE3C7D-6FAA-42E4-BFCB-80782E15DE5D}.Release|Any CPU.ActiveCfg = Release|Any CPU
		{CDEE3C7D-6FAA-42E4-BFCB-80782E15DE5D}.Release|Any CPU.Build.0 = Release|Any CPU
	EndGlobalSection
	GlobalSection(SolutionProperties) = preSolution
		HideSolutionNode = FALSE
	EndGlobalSection
	GlobalSection(ExtensibilityGlobals) = postSolution
		SolutionGuid = {48EAD667-274A-436E-8EEE-B1362EF0FC4A}
	EndGlobalSection
EndGlobal
